
Microsoft Visual Studio Solution File, Format Version 12.00
# Visual Studio 14
VisualStudioVersion = 14.0.24720.0
MinimumVisualStudioVersion = 10.0.40219.1
Project("{8BC9CEB8-8B4A-11D0-8D11-00A0C91BC942}") = "caffe_gpu", "caffe_shared_cuda.vcxproj", "{DF8D12B7-D877-4A15-A5F9-301FBE19DCF8}"
EndProject
Project("{8BC9CEB8-8B4A-11D0-8D11-00A0C91BC942}") = "segmentation_gpu", "segmentation_gpu.vcxproj", "{72B2B064-FCC3-4AF2-827E-1F20EE405B35}"
EndProject
Global
	GlobalSection(SolutionConfigurationPlatforms) = preSolution
		Debug_2010|x64 = Debug_2010|x64
		Debug_2010|x86 = Debug_2010|x86
		Debug_2013|x64 = Debug_2013|x64
		Debug_2013|x86 = Debug_2013|x86
		Debug|x64 = Debug|x64
		Debug|x86 = Debug|x86
		Release_2010|x64 = Release_2010|x64
		Release_2010|x86 = Release_2010|x86
		Release_2013|x64 = Release_2013|x64
		Release_2013|x86 = Release_2013|x86
		Release_2015|x64 = Release_2015|x64
		Release_2015|x86 = Release_2015|x86
		Release|x64 = Release|x64
		Release|x86 = Release|x86
	EndGlobalSection
	GlobalSection(ProjectConfigurationPlatforms) = postSolution
		{DF8D12B7-D877-4A15-A5F9-301FBE19DCF8}.Debug_2010|x64.ActiveCfg = Debug_2010|x64
		{DF8D12B7-D877-4A15-A5F9-301FBE19DCF8}.Debug_2010|x64.Build.0 = Debug_2010|x64
		{DF8D12B7-D877-4A15-A5F9-301FBE19DCF8}.Debug_2010|x86.ActiveCfg = Debug_2010|Win32
		{DF8D12B7-D877-4A15-A5F9-301FBE19DCF8}.Debug_2010|x86.Build.0 = Debug_2010|Win32
		{DF8D12B7-D877-4A15-A5F9-301FBE19DCF8}.Debug_2013|x64.ActiveCfg = Debug_2013|x64
		{DF8D12B7-D877-4A15-A5F9-301FBE19DCF8}.Debug_2013|x64.Build.0 = Debug_2013|x64
		{DF8D12B7-D877-4A15-A5F9-301FBE19DCF8}.Debug_2013|x86.ActiveCfg = Debug_2013|Win32
		{DF8D12B7-D877-4A15-A5F9-301FBE19DCF8}.Debug_2013|x86.Build.0 = Debug_2013|Win32
		{DF8D12B7-D877-4A15-A5F9-301FBE19DCF8}.Debug|x64.ActiveCfg = Debug|x64
		{DF8D12B7-D877-4A15-A5F9-301FBE19DCF8}.Debug|x64.Build.0 = Debug|x64
		{DF8D12B7-D877-4A15-A5F9-301FBE19DCF8}.Debug|x86.ActiveCfg = Debug|Win32
		{DF8D12B7-D877-4A15-A5F9-301FBE19DCF8}.Debug|x86.Build.0 = Debug|Win32
		{DF8D12B7-D877-4A15-A5F9-301FBE19DCF8}.Release_2010|x64.ActiveCfg = Release_2010|x64
		{DF8D12B7-D877-4A15-A5F9-301FBE19DCF8}.Release_2010|x64.Build.0 = Release_2010|x64
		{DF8D12B7-D877-4A15-A5F9-301FBE19DCF8}.Release_2010|x86.ActiveCfg = Release_2010|Win32
		{DF8D12B7-D877-4A15-A5F9-301FBE19DCF8}.Release_2010|x86.Build.0 = Release_2010|Win32
		{DF8D12B7-D877-4A15-A5F9-301FBE19DCF8}.Release_2013|x64.ActiveCfg = Release_2013|x64
		{DF8D12B7-D877-4A15-A5F9-301FBE19DCF8}.Release_2013|x64.Build.0 = Release_2013|x64
		{DF8D12B7-D877-4A15-A5F9-301FBE19DCF8}.Release_2013|x86.ActiveCfg = Release_2013|Win32
		{DF8D12B7-D877-4A15-A5F9-301FBE19DCF8}.Release_2013|x86.Build.0 = Release_2013|Win32
		{DF8D12B7-D877-4A15-A5F9-301FBE19DCF8}.Release_2015|x64.ActiveCfg = Release_2015|x64
		{DF8D12B7-D877-4A15-A5F9-301FBE19DCF8}.Release_2015|x64.Build.0 = Release_2015|x64
		{DF8D12B7-D877-4A15-A5F9-301FBE19DCF8}.Release_2015|x86.ActiveCfg = Release_2015|Win32
		{DF8D12B7-D877-4A15-A5F9-301FBE19DCF8}.Release_2015|x86.Build.0 = Release_2015|Win32
		{DF8D12B7-D877-4A15-A5F9-301FBE19DCF8}.Release|x64.ActiveCfg = Release|x64
		{DF8D12B7-D877-4A15-A5F9-301FBE19DCF8}.Release|x64.Build.0 = Release|x64
		{DF8D12B7-D877-4A15-A5F9-301FBE19DCF8}.Release|x86.ActiveCfg = Release|Win32
		{DF8D12B7-D877-4A15-A5F9-301FBE19DCF8}.Release|x86.Build.0 = Release|Win32
		{72B2B064-FCC3-4AF2-827E-1F20EE405B35}.Debug_2010|x64.ActiveCfg = Debug_2010|x64
		{72B2B064-FCC3-4AF2-827E-1F20EE405B35}.Debug_2010|x64.Build.0 = Debug_2010|x64
		{72B2B064-FCC3-4AF2-827E-1F20EE405B35}.Debug_2010|x86.ActiveCfg = Debug_2010|Win32
		{72B2B064-FCC3-4AF2-827E-1F20EE405B35}.Debug_2010|x86.Build.0 = Debug_2010|Win32
		{72B2B064-FCC3-4AF2-827E-1F20EE405B35}.Debug_2013|x64.ActiveCfg = Debug_2013|x64
		{72B2B064-FCC3-4AF2-827E-1F20EE405B35}.Debug_2013|x64.Build.0 = Debug_2013|x64
		{72B2B064-FCC3-4AF2-827E-1F20EE405B35}.Debug_2013|x86.ActiveCfg = Debug_2013|Win32
		{72B2B064-FCC3-4AF2-827E-1F20EE405B35}.Debug_2013|x86.Build.0 = Debug_2013|Win32
		{72B2B064-FCC3-4AF2-827E-1F20EE405B35}.Debug|x64.ActiveCfg = Debug|x64
		{72B2B064-FCC3-4AF2-827E-1F20EE405B35}.Debug|x64.Build.0 = Debug|x64
		{72B2B064-FCC3-4AF2-827E-1F20EE405B35}.Debug|x86.ActiveCfg = Debug|Win32
		{72B2B064-FCC3-4AF2-827E-1F20EE405B35}.Debug|x86.Build.0 = Debug|Win32
		{72B2B064-FCC3-4AF2-827E-1F20EE405B35}.Release_2010|x64.ActiveCfg = Release_2010|x64
		{72B2B064-FCC3-4AF2-827E-1F20EE405B35}.Release_2010|x64.Build.0 = Release_2010|x64
		{72B2B064-FCC3-4AF2-827E-1F20EE405B35}.Release_2010|x86.ActiveCfg = Release_2010|Win32
		{72B2B064-FCC3-4AF2-827E-1F20EE405B35}.Release_2010|x86.Build.0 = Release_2010|Win32
		{72B2B064-FCC3-4AF2-827E-1F20EE405B35}.Release_2013|x64.ActiveCfg = Release_2013|x64
		{72B2B064-FCC3-4AF2-827E-1F20EE405B35}.Release_2013|x64.Build.0 = Release_2013|x64
		{72B2B064-FCC3-4AF2-827E-1F20EE405B35}.Release_2013|x86.ActiveCfg = Release_2013|Win32
		{72B2B064-FCC3-4AF2-827E-1F20EE405B35}.Release_2013|x86.Build.0 = Release_2013|Win32
		{72B2B064-FCC3-4AF2-827E-1F20EE405B35}.Release_2015|x64.ActiveCfg = Release_2015|x64
		{72B2B064-FCC3-4AF2-827E-1F20EE405B35}.Release_2015|x64.Build.0 = Release_2015|x64
		{72B2B064-FCC3-4AF2-827E-1F20EE405B35}.Release_2015|x86.ActiveCfg = Release_2015|Win32
		{72B2B064-FCC3-4AF2-827E-1F20EE405B35}.Release_2015|x86.Build.0 = Release_2015|Win32
		{72B2B064-FCC3-4AF2-827E-1F20EE405B35}.Release|x64.ActiveCfg = Release|x64
		{72B2B064-FCC3-4AF2-827E-1F20EE405B35}.Release|x64.Build.0 = Release|x64
		{72B2B064-FCC3-4AF2-827E-1F20EE405B35}.Release|x86.ActiveCfg = Release|Win32
		{72B2B064-FCC3-4AF2-827E-1F20EE405B35}.Release|x86.Build.0 = Release|Win32
	EndGlobalSection
	GlobalSection(SolutionProperties) = preSolution
		HideSolutionNode = FALSE
	EndGlobalSection
EndGlobal
